
Microsoft Visual Studio Solution File, Format Version 12.00
# Visual Studio Version 17
VisualStudioVersion = 17.5.002.0
MinimumVisualStudioVersion = 10.0.40219.1
Project("{2150E333-8FDC-42A3-9474-1A3956D46DE8}") = "Section02-GetStarted", "Section02-GetStarted", "{3C576A3E-88A2-4842-B9C0-3ED9786FDDC0}"
EndProject
Project("{9A19103F-16F7-4668-BE54-9A1E7A4F7556}") = "Assignment1", "Section02-GetStarted\Assignment1\Assignment1.csproj", "{0FAE5A48-3BBF-4376-A497-7737F3F3EEBD}"
EndProject
Project("{9A19103F-16F7-4668-BE54-9A1E7A4F7556}") = "Assignment1Solution", "Section02-GetStarted\Assignment1Solution\Assignment1Solution.csproj", "{A1D6BD2E-01CD-426E-9302-C8E44B6BDC4A}"
EndProject
Project("{9A19103F-16F7-4668-BE54-9A1E7A4F7556}") = "LinqBasics", "Section02-GetStarted\LinqBasics\LinqBasics.csproj", "{416743B2-7B5E-48B1-966B-99D0C2446226}"
EndProject
Project("{2150E333-8FDC-42A3-9474-1A3956D46DE8}") = "Section03-LinqSyntaxTypes", "Section03-LinqSyntaxTypes", "{19B34C9D-52C2-4CC7-81EE-B34107F02507}"
EndProject
Project("{9A19103F-16F7-4668-BE54-9A1E7A4F7556}") = "Assignment1", "Section03-LinqSyntaxTypes\Assignment1\Assignment1.csproj", "{AA2D5A6C-8204-45C5-91C6-6691EAD5F3BF}"
EndProject
Project("{9A19103F-16F7-4668-BE54-9A1E7A4F7556}") = "LinqMethodSyntax", "Section03-LinqSyntaxTypes\LinqMethodSyntax\LinqMethodSyntax.csproj", "{6FE6F93D-0C8A-4938-B1DE-03AA690D17DB}"
EndProject
Project("{9A19103F-16F7-4668-BE54-9A1E7A4F7556}") = "LinqSyntaxDifferences", "Section03-LinqSyntaxTypes\LinqSyntaxDifferences\LinqSyntaxDifferences.csproj", "{8D62CC4B-3D47-485C-AB8A-8F9CCB1D35A0}"
EndProject
Project("{2150E333-8FDC-42A3-9474-1A3956D46DE8}") = "Section04-LinqToObjects", "Section04-LinqToObjects", "{7A37ADB5-3181-4687-A13F-751F3404D828}"
EndProject
Project("{9A19103F-16F7-4668-BE54-9A1E7A4F7556}") = "Assignment2", "Section04-LinqToObjects\Assignment2\Assignment2.csproj", "{A013087B-C555-4273-931C-5A0EA80E0FB7}"
EndProject
Project("{9A19103F-16F7-4668-BE54-9A1E7A4F7556}") = "CMS.UI.Models", "Section04-LinqToObjects\CMS.UI.Models\CMS.UI.Models.csproj", "{CD434DD9-5C9D-46A9-91B0-B74FA5BEEA3E}"
EndProject
Project("{9A19103F-16F7-4668-BE54-9A1E7A4F7556}") = "LinqAggregation", "Section04-LinqToObjects\LinqAggregation\LinqAggregation.csproj", "{EDBEEACC-A0BB-46D6-896E-09BB6300999D}"
EndProject
Project("{9A19103F-16F7-4668-BE54-9A1E7A4F7556}") = "LinqElements", "Section04-LinqToObjects\LinqElements\LinqElements.csproj", "{23121734-8645-4A6C-82DE-8B26AB2012BE}"
EndProject
Project("{9A19103F-16F7-4668-BE54-9A1E7A4F7556}") = "LinqFiltering", "Section04-LinqToObjects\LinqFiltering\LinqFiltering.csproj", "{0697DB81-0F03-4FA1-B0D2-24E6287DE1EF}"
EndProject
Project("{9A19103F-16F7-4668-BE54-9A1E7A4F7556}") = "LinqGrouping", "Section04-LinqToObjects\LinqGrouping\LinqGrouping.csproj", "{EF8A37B5-4323-4E26-B3C1-1821E771E19D}"
EndProject
Project("{9A19103F-16F7-4668-BE54-9A1E7A4F7556}") = "LinqJoin", "Section04-LinqToObjects\LinqJoin\LinqJoin.csproj", "{44DA93D5-174E-42AF-A6AF-9530168D038D}"
EndProject
Project("{9A19103F-16F7-4668-BE54-9A1E7A4F7556}") = "LinqProjection", "Section04-LinqToObjects\LinqProjection\LinqProjection.csproj", "{D1AC526F-032B-4036-B626-C887BFEA6945}"
EndProject
Project("{9A19103F-16F7-4668-BE54-9A1E7A4F7556}") = "LinqQuantifier", "Section04-LinqToObjects\LinqQuantifier\LinqQuantifier.csproj", "{966E7EC7-699C-4111-A89F-D92B938F9E1C}"
EndProject
Project("{9A19103F-16F7-4668-BE54-9A1E7A4F7556}") = "LinqSorting", "Section04-LinqToObjects\LinqSorting\LinqSorting.csproj", "{DCFEB7B1-90CA-4077-B867-24E5E8BCF3B3}"
EndProject
Project("{2150E333-8FDC-42A3-9474-1A3956D46DE8}") = "Section05-LinqToEntities", "Section05-LinqToEntities", "{44CBF28C-A6E5-4F05-9245-16519FC1E2F1}"
EndProject
Project("{9A19103F-16F7-4668-BE54-9A1E7A4F7556}") = "Assignment1", "Section05-LinqToEntities\Assignment1\Assignment1.csproj", "{3F7BCABC-C5C1-4DA6-A0E6-3E5A45D2569C}"
EndProject
Project("{9A19103F-16F7-4668-BE54-9A1E7A4F7556}") = "LinqToEntities", "Section05-LinqToEntities\LinqToEntities\LinqToEntities.csproj", "{AA48543A-1ACF-45D6-B2DD-B77B03481B08}"
EndProject
Project("{2150E333-8FDC-42A3-9474-1A3956D46DE8}") = "Section06-LinqToXml", "Section06-LinqToXml", "{48C969D5-B1FA-4BA7-9D79-444CF50A2E73}"
EndProject
Project("{9A19103F-16F7-4668-BE54-9A1E7A4F7556}") = "CMS.Data.Models", "Section06-LinqToXml\CMS.Data.Models\CMS.Data.Models.csproj", "{51D36813-2F57-4157-8721-9E98BBBAB41A}"
EndProject
Project("{9A19103F-16F7-4668-BE54-9A1E7A4F7556}") = "LinqToXml", "Section06-LinqToXml\LinqToXml\LinqToXml.csproj", "{95517804-920A-4F6F-952B-DA6B09CFCF72}"
EndProject
Project("{2150E333-8FDC-42A3-9474-1A3956D46DE8}") = "Section07-LinqToJson", "Section07-LinqToJson", "{5FA764BB-47A6-40D2-9655-C8FA88EE32D0}"
EndProject
Project("{9A19103F-16F7-4668-BE54-9A1E7A4F7556}") = "CMS.Data.Models", "Section07-LinqToJson\CMS.Data.Models\CMS.Data.Models.csproj", "{A9F8252B-0F42-467B-8F75-B3F29C1ADE69}"
EndProject
Project("{9A19103F-16F7-4668-BE54-9A1E7A4F7556}") = "LinqToJson", "Section07-LinqToJson\LinqToJson\LinqToJson.csproj", "{D340C0AC-AF4A-4046-9011-84262B167587}"
EndProject
Project("{2150E333-8FDC-42A3-9474-1A3956D46DE8}") = ".netcore3.1", ".netcore3.1", "{F6E6784F-D781-405B-BD2E-0DBD93066B15}"
EndProject
Project("{2150E333-8FDC-42A3-9474-1A3956D46DE8}") = "Section02-GetStarted", "Section02-GetStarted", "{45AA4DAB-4DB3-4507-B056-B861C95C0C53}"
EndProject
Project("{9A19103F-16F7-4668-BE54-9A1E7A4F7556}") = "Assignment1", ".netcore3.1\Section02-GetStarted\Assignment1\Assignment1.csproj", "{2A07C5C3-400C-465F-9A77-0D799FFCCE8A}"
EndProject
Project("{9A19103F-16F7-4668-BE54-9A1E7A4F7556}") = "Assignment1Solution", ".netcore3.1\Section02-GetStarted\Assignment1Solution\Assignment1Solution.csproj", "{513CB158-3CC9-4FCD-9E0D-DF7F7F893D3D}"
EndProject
Project("{9A19103F-16F7-4668-BE54-9A1E7A4F7556}") = "LinqBasics", ".netcore3.1\Section02-GetStarted\LinqBasics\LinqBasics.csproj", "{7BE65F94-EAF2-40CA-9FBB-AC1476078A3E}"
EndProject
Project("{2150E333-8FDC-42A3-9474-1A3956D46DE8}") = "Section03-LinqSyntaxTypes", "Section03-LinqSyntaxTypes", "{7947D82D-4DB0-4833-AFA9-19733B5D35BE}"
EndProject
Project("{9A19103F-16F7-4668-BE54-9A1E7A4F7556}") = "Assignment1", ".netcore3.1\Section03-LinqSyntaxTypes\Assignment1\Assignment1.csproj", "{DDCACF73-87C9-48F9-BEBA-768B033854F0}"
EndProject
Project("{9A19103F-16F7-4668-BE54-9A1E7A4F7556}") = "Assignment1Solution", ".netcore3.1\Section03-LinqSyntaxTypes\Assignment1Solution\Assignment1Solution.csproj", "{6E5D2EE6-1556-43CD-9735-E915B33FF88B}"
EndProject
Project("{9A19103F-16F7-4668-BE54-9A1E7A4F7556}") = "LinqMethodSyntax", ".netcore3.1\Section03-LinqSyntaxTypes\LinqMethodSyntax\LinqMethodSyntax.csproj", "{C36A0CD6-F40D-44D1-A40F-6D86A26C73D7}"
EndProject
Project("{9A19103F-16F7-4668-BE54-9A1E7A4F7556}") = "LinqSyntaxDifferences", ".netcore3.1\Section03-LinqSyntaxTypes\LinqSyntaxDifferences\LinqSyntaxDifferences.csproj", "{0C58369B-8D06-41F6-8650-2F7870C9DB3F}"
EndProject
Project("{2150E333-8FDC-42A3-9474-1A3956D46DE8}") = "Section04-LinqToObjects", "Section04-LinqToObjects", "{3021EBD8-AD6C-4EC5-A289-4A7A4B3E2E0A}"
EndProject
Project("{9A19103F-16F7-4668-BE54-9A1E7A4F7556}") = "Assignment2", ".netcore3.1\Section04-LinqToObjects\Assignment2\Assignment2.csproj", "{200B0D20-9216-47F3-AEF7-A70BA282C2A1}"
EndProject
Project("{9A19103F-16F7-4668-BE54-9A1E7A4F7556}") = "CMS.UI.Models", ".netcore3.1\Section04-LinqToObjects\CMS.UI.Models\CMS.UI.Models.csproj", "{6275A9E4-A1E2-47B0-86B7-B349BF1880F6}"
EndProject
Project("{9A19103F-16F7-4668-BE54-9A1E7A4F7556}") = "LinqAggregation", ".netcore3.1\Section04-LinqToObjects\LinqAggregation\LinqAggregation.csproj", "{B38C984F-D7F5-4F0A-AADA-0F31B70C062A}"
EndProject
Project("{9A19103F-16F7-4668-BE54-9A1E7A4F7556}") = "LinqElements", ".netcore3.1\Section04-LinqToObjects\LinqElements\LinqElements.csproj", "{DE4C8CFD-7494-400E-AF45-9993F46A1E93}"
EndProject
Project("{9A19103F-16F7-4668-BE54-9A1E7A4F7556}") = "LinqFiltering", ".netcore3.1\Section04-LinqToObjects\LinqFiltering\LinqFiltering.csproj", "{E5D55552-2F6A-4997-A9EB-1FB5AE796204}"
EndProject
Project("{9A19103F-16F7-4668-BE54-9A1E7A4F7556}") = "LinqGrouping", ".netcore3.1\Section04-LinqToObjects\LinqGrouping\LinqGrouping.csproj", "{3C24544D-8BDA-49C9-BE01-82C2FC6DF5E4}"
EndProject
Project("{9A19103F-16F7-4668-BE54-9A1E7A4F7556}") = "LinqJoin", ".netcore3.1\Section04-LinqToObjects\LinqJoin\LinqJoin.csproj", "{F77F4EDC-D7BA-432F-A139-EA9527424CF0}"
EndProject
Project("{9A19103F-16F7-4668-BE54-9A1E7A4F7556}") = "LinqProjection", ".netcore3.1\Section04-LinqToObjects\LinqProjection\LinqProjection.csproj", "{8ED80046-D294-4D5A-ACC4-41065AE97B22}"
EndProject
Project("{9A19103F-16F7-4668-BE54-9A1E7A4F7556}") = "LinqQuantifier", ".netcore3.1\Section04-LinqToObjects\LinqQuantifier\LinqQuantifier.csproj", "{CDB5F9A0-06DA-4688-BD7E-D9F6634F54DB}"
EndProject
Project("{9A19103F-16F7-4668-BE54-9A1E7A4F7556}") = "LinqSorting", ".netcore3.1\Section04-LinqToObjects\LinqSorting\LinqSorting.csproj", "{9FEC1779-6AE2-406E-9E98-68F5B82211E4}"
EndProject
Project("{2150E333-8FDC-42A3-9474-1A3956D46DE8}") = "Section05-LinqToEntities", "Section05-LinqToEntities", "{1A07448D-0FFC-4919-AB7E-CD0F66071C86}"
EndProject
Project("{9A19103F-16F7-4668-BE54-9A1E7A4F7556}") = "Assignment1", ".netcore3.1\Section05-LinqToEntities\Assignment1\Assignment1.csproj", "{83FA1025-763A-48E2-9DA1-233B125A59F5}"
EndProject
Project("{9A19103F-16F7-4668-BE54-9A1E7A4F7556}") = "LinqToEntities", ".netcore3.1\Section05-LinqToEntities\LinqToEntities\LinqToEntities.csproj", "{5F189BDB-7B80-4916-B5A2-5E7DBB13F05C}"
EndProject
Project("{2150E333-8FDC-42A3-9474-1A3956D46DE8}") = "Section06-LinqToXml", "Section06-LinqToXml", "{974D85A3-E20C-4E45-8C7E-AEDE4847B90F}"
EndProject
Project("{9A19103F-16F7-4668-BE54-9A1E7A4F7556}") = "CMS.Data.Models", ".netcore3.1\Section06-LinqToXml\CMS.Data.Models\CMS.Data.Models.csproj", "{D0FEFFE0-53AD-4F7C-9F6B-97288437B745}"
EndProject
Project("{9A19103F-16F7-4668-BE54-9A1E7A4F7556}") = "LinqToXml", ".netcore3.1\Section06-LinqToXml\LinqToXml\LinqToXml.csproj", "{69A4AD68-108B-4197-A862-12A25CDA77FD}"
EndProject
Project("{2150E333-8FDC-42A3-9474-1A3956D46DE8}") = "Section07-LinqToJson", "Section07-LinqToJson", "{F5E2E1F0-318E-4ADB-B4A8-1D38338465E0}"
EndProject
Project("{9A19103F-16F7-4668-BE54-9A1E7A4F7556}") = "CMS.Data.Models", ".netcore3.1\Section07-LinqToJson\CMS.Data.Models\CMS.Data.Models.csproj", "{62F35B3C-22CB-43C6-9590-D289302CEBED}"
EndProject
Project("{9A19103F-16F7-4668-BE54-9A1E7A4F7556}") = "LinqToJson", ".netcore3.1\Section07-LinqToJson\LinqToJson\LinqToJson.csproj", "{AFF0BEB3-C7C9-4007-840F-9545A73F5253}"
EndProject
Project("{2150E333-8FDC-42A3-9474-1A3956D46DE8}") = "LinqMethodSyntax (1)", "LinqMethodSyntax", "{A6F0895D-D771-4340-9C0C-726EBC435692}"
EndProject
Project("{9A19103F-16F7-4668-BE54-9A1E7A4F7556}") = "Assignment1Solution", "Section03-LinqSyntaxTypes\LinqMethodSyntax\Assignment1Solution\Assignment1Solution.csproj", "{E943174C-E014-4588-B5FC-97E74570EC21}"
EndProject
Global
	GlobalSection(SolutionConfigurationPlatforms) = preSolution
		Debug|Any CPU = Debug|Any CPU
		Release|Any CPU = Release|Any CPU
	EndGlobalSection
	GlobalSection(ProjectConfigurationPlatforms) = postSolution
		{0FAE5A48-3BBF-4376-A497-7737F3F3EEBD}.Debug|Any CPU.ActiveCfg = Debug|Any CPU
		{0FAE5A48-3BBF-4376-A497-7737F3F3EEBD}.Debug|Any CPU.Build.0 = Debug|Any CPU
		{0FAE5A48-3BBF-4376-A497-7737F3F3EEBD}.Release|Any CPU.ActiveCfg = Release|Any CPU
		{0FAE5A48-3BBF-4376-A497-7737F3F3EEBD}.Release|Any CPU.Build.0 = Release|Any CPU
		{A1D6BD2E-01CD-426E-9302-C8E44B6BDC4A}.Debug|Any CPU.ActiveCfg = Debug|Any CPU
		{A1D6BD2E-01CD-426E-9302-C8E44B6BDC4A}.Debug|Any CPU.Build.0 = Debug|Any CPU
		{A1D6BD2E-01CD-426E-9302-C8E44B6BDC4A}.Release|Any CPU.ActiveCfg = Release|Any CPU
		{A1D6BD2E-01CD-426E-9302-C8E44B6BDC4A}.Release|Any CPU.Build.0 = Release|Any CPU
		{416743B2-7B5E-48B1-966B-99D0C2446226}.Debug|Any CPU.ActiveCfg = Debug|Any CPU
		{416743B2-7B5E-48B1-966B-99D0C2446226}.Debug|Any CPU.Build.0 = Debug|Any CPU
		{416743B2-7B5E-48B1-966B-99D0C2446226}.Release|Any CPU.ActiveCfg = Release|Any CPU
		{416743B2-7B5E-48B1-966B-99D0C2446226}.Release|Any CPU.Build.0 = Release|Any CPU
		{AA2D5A6C-8204-45C5-91C6-6691EAD5F3BF}.Debug|Any CPU.ActiveCfg = Debug|Any CPU
		{AA2D5A6C-8204-45C5-91C6-6691EAD5F3BF}.Debug|Any CPU.Build.0 = Debug|Any CPU
		{AA2D5A6C-8204-45C5-91C6-6691EAD5F3BF}.Release|Any CPU.ActiveCfg = Release|Any CPU
		{AA2D5A6C-8204-45C5-91C6-6691EAD5F3BF}.Release|Any CPU.Build.0 = Release|Any CPU
		{6FE6F93D-0C8A-4938-B1DE-03AA690D17DB}.Debug|Any CPU.ActiveCfg = Debug|Any CPU
		{6FE6F93D-0C8A-4938-B1DE-03AA690D17DB}.Debug|Any CPU.Build.0 = Debug|Any CPU
		{6FE6F93D-0C8A-4938-B1DE-03AA690D17DB}.Release|Any CPU.ActiveCfg = Release|Any CPU
		{6FE6F93D-0C8A-4938-B1DE-03AA690D17DB}.Release|Any CPU.Build.0 = Release|Any CPU
		{8D62CC4B-3D47-485C-AB8A-8F9CCB1D35A0}.Debug|Any CPU.ActiveCfg = Debug|Any CPU
		{8D62CC4B-3D47-485C-AB8A-8F9CCB1D35A0}.Debug|Any CPU.Build.0 = Debug|Any CPU
		{8D62CC4B-3D47-485C-AB8A-8F9CCB1D35A0}.Release|Any CPU.ActiveCfg = Release|Any CPU
		{8D62CC4B-3D47-485C-AB8A-8F9CCB1D35A0}.Release|Any CPU.Build.0 = Release|Any CPU
		{A013087B-C555-4273-931C-5A0EA80E0FB7}.Debug|Any CPU.ActiveCfg = Debug|Any CPU
		{A013087B-C555-4273-931C-5A0EA80E0FB7}.Debug|Any CPU.Build.0 = Debug|Any CPU
		{A013087B-C555-4273-931C-5A0EA80E0FB7}.Release|Any CPU.ActiveCfg = Release|Any CPU
		{A013087B-C555-4273-931C-5A0EA80E0FB7}.Release|Any CPU.Build.0 = Release|Any CPU
		{CD434DD9-5C9D-46A9-91B0-B74FA5BEEA3E}.Debug|Any CPU.ActiveCfg = Debug|Any CPU
		{CD434DD9-5C9D-46A9-91B0-B74FA5BEEA3E}.Debug|Any CPU.Build.0 = Debug|Any CPU
		{CD434DD9-5C9D-46A9-91B0-B74FA5BEEA3E}.Release|Any CPU.ActiveCfg = Release|Any CPU
		{CD434DD9-5C9D-46A9-91B0-B74FA5BEEA3E}.Release|Any CPU.Build.0 = Release|Any CPU
		{EDBEEACC-A0BB-46D6-896E-09BB6300999D}.Debug|Any CPU.ActiveCfg = Debug|Any CPU
		{EDBEEACC-A0BB-46D6-896E-09BB6300999D}.Debug|Any CPU.Build.0 = Debug|Any CPU
		{EDBEEACC-A0BB-46D6-896E-09BB6300999D}.Release|Any CPU.ActiveCfg = Release|Any CPU
		{EDBEEACC-A0BB-46D6-896E-09BB6300999D}.Release|Any CPU.Build.0 = Release|Any CPU
		{23121734-8645-4A6C-82DE-8B26AB2012BE}.Debug|Any CPU.ActiveCfg = Debug|Any CPU
		{23121734-8645-4A6C-82DE-8B26AB2012BE}.Debug|Any CPU.Build.0 = Debug|Any CPU
		{23121734-8645-4A6C-82DE-8B26AB2012BE}.Release|Any CPU.ActiveCfg = Release|Any CPU
		{23121734-8645-4A6C-82DE-8B26AB2012BE}.Release|Any CPU.Build.0 = Release|Any CPU
		{0697DB81-0F03-4FA1-B0D2-24E6287DE1EF}.Debug|Any CPU.ActiveCfg = Debug|Any CPU
		{0697DB81-0F03-4FA1-B0D2-24E6287DE1EF}.Debug|Any CPU.Build.0 = Debug|Any CPU
		{0697DB81-0F03-4FA1-B0D2-24E6287DE1EF}.Release|Any CPU.ActiveCfg = Release|Any CPU
		{0697DB81-0F03-4FA1-B0D2-24E6287DE1EF}.Release|Any CPU.Build.0 = Release|Any CPU
		{EF8A37B5-4323-4E26-B3C1-1821E771E19D}.Debug|Any CPU.ActiveCfg = Debug|Any CPU
		{EF8A37B5-4323-4E26-B3C1-1821E771E19D}.Debug|Any CPU.Build.0 = Debug|Any CPU
		{EF8A37B5-4323-4E26-B3C1-1821E771E19D}.Release|Any CPU.ActiveCfg = Release|Any CPU
		{EF8A37B5-4323-4E26-B3C1-1821E771E19D}.Release|Any CPU.Build.0 = Release|Any CPU
		{44DA93D5-174E-42AF-A6AF-9530168D038D}.Debug|Any CPU.ActiveCfg = Debug|Any CPU
		{44DA93D5-174E-42AF-A6AF-9530168D038D}.Debug|Any CPU.Build.0 = Debug|Any CPU
		{44DA93D5-174E-42AF-A6AF-9530168D038D}.Release|Any CPU.ActiveCfg = Release|Any CPU
		{44DA93D5-174E-42AF-A6AF-9530168D038D}.Release|Any CPU.Build.0 = Release|Any CPU
		{D1AC526F-032B-4036-B626-C887BFEA6945}.Debug|Any CPU.ActiveCfg = Debug|Any CPU
		{D1AC526F-032B-4036-B626-C887BFEA6945}.Debug|Any CPU.Build.0 = Debug|Any CPU
		{D1AC526F-032B-4036-B626-C887BFEA6945}.Release|Any CPU.ActiveCfg = Release|Any CPU
		{D1AC526F-032B-4036-B626-C887BFEA6945}.Release|Any CPU.Build.0 = Release|Any CPU
		{966E7EC7-699C-4111-A89F-D92B938F9E1C}.Debug|Any CPU.ActiveCfg = Debug|Any CPU
		{966E7EC7-699C-4111-A89F-D92B938F9E1C}.Debug|Any CPU.Build.0 = Debug|Any CPU
		{966E7EC7-699C-4111-A89F-D92B938F9E1C}.Release|Any CPU.ActiveCfg = Release|Any CPU
		{966E7EC7-699C-4111-A89F-D92B938F9E1C}.Release|Any CPU.Build.0 = Release|Any CPU
		{DCFEB7B1-90CA-4077-B867-24E5E8BCF3B3}.Debug|Any CPU.ActiveCfg = Debug|Any CPU
		{DCFEB7B1-90CA-4077-B867-24E5E8BCF3B3}.Debug|Any CPU.Build.0 = Debug|Any CPU
		{DCFEB7B1-90CA-4077-B867-24E5E8BCF3B3}.Release|Any CPU.ActiveCfg = Release|Any CPU
		{DCFEB7B1-90CA-4077-B867-24E5E8BCF3B3}.Release|Any CPU.Build.0 = Release|Any CPU
		{3F7BCABC-C5C1-4DA6-A0E6-3E5A45D2569C}.Debug|Any CPU.ActiveCfg = Debug|Any CPU
		{3F7BCABC-C5C1-4DA6-A0E6-3E5A45D2569C}.Debug|Any CPU.Build.0 = Debug|Any CPU
		{3F7BCABC-C5C1-4DA6-A0E6-3E5A45D2569C}.Release|Any CPU.ActiveCfg = Release|Any CPU
		{3F7BCABC-C5C1-4DA6-A0E6-3E5A45D2569C}.Release|Any CPU.Build.0 = Release|Any CPU
		{AA48543A-1ACF-45D6-B2DD-B77B03481B08}.Debug|Any CPU.ActiveCfg = Debug|Any CPU
		{AA48543A-1ACF-45D6-B2DD-B77B03481B08}.Debug|Any CPU.Build.0 = Debug|Any CPU
		{AA48543A-1ACF-45D6-B2DD-B77B03481B08}.Release|Any CPU.ActiveCfg = Release|Any CPU
		{AA48543A-1ACF-45D6-B2DD-B77B03481B08}.Release|Any CPU.Build.0 = Release|Any CPU
		{51D36813-2F57-4157-8721-9E98BBBAB41A}.Debug|Any CPU.ActiveCfg = Debug|Any CPU
		{51D36813-2F57-4157-8721-9E98BBBAB41A}.Debug|Any CPU.Build.0 = Debug|Any CPU
		{51D36813-2F57-4157-8721-9E98BBBAB41A}.Release|Any CPU.ActiveCfg = Release|Any CPU
		{51D36813-2F57-4157-8721-9E98BBBAB41A}.Release|Any CPU.Build.0 = Release|Any CPU
		{95517804-920A-4F6F-952B-DA6B09CFCF72}.Debug|Any CPU.ActiveCfg = Debug|Any CPU
		{95517804-920A-4F6F-952B-DA6B09CFCF72}.Debug|Any CPU.Build.0 = Debug|Any CPU
		{95517804-920A-4F6F-952B-DA6B09CFCF72}.Release|Any CPU.ActiveCfg = Release|Any CPU
		{95517804-920A-4F6F-952B-DA6B09CFCF72}.Release|Any CPU.Build.0 = Release|Any CPU
		{A9F8252B-0F42-467B-8F75-B3F29C1ADE69}.Debug|Any CPU.ActiveCfg = Debug|Any CPU
		{A9F8252B-0F42-467B-8F75-B3F29C1ADE69}.Debug|Any CPU.Build.0 = Debug|Any CPU
		{A9F8252B-0F42-467B-8F75-B3F29C1ADE69}.Release|Any CPU.ActiveCfg = Release|Any CPU
		{A9F8252B-0F42-467B-8F75-B3F29C1ADE69}.Release|Any CPU.Build.0 = Release|Any CPU
		{D340C0AC-AF4A-4046-9011-84262B167587}.Debug|Any CPU.ActiveCfg = Debug|Any CPU
		{D340C0AC-AF4A-4046-9011-84262B167587}.Debug|Any CPU.Build.0 = Debug|Any CPU
		{D340C0AC-AF4A-4046-9011-84262B167587}.Release|Any CPU.ActiveCfg = Release|Any CPU
		{D340C0AC-AF4A-4046-9011-84262B167587}.Release|Any CPU.Build.0 = Release|Any CPU
		{2A07C5C3-400C-465F-9A77-0D799FFCCE8A}.Debug|Any CPU.ActiveCfg = Debug|Any CPU
		{2A07C5C3-400C-465F-9A77-0D799FFCCE8A}.Debug|Any CPU.Build.0 = Debug|Any CPU
		{2A07C5C3-400C-465F-9A77-0D799FFCCE8A}.Release|Any CPU.ActiveCfg = Release|Any CPU
		{2A07C5C3-400C-465F-9A77-0D799FFCCE8A}.Release|Any CPU.Build.0 = Release|Any CPU
		{513CB158-3CC9-4FCD-9E0D-DF7F7F893D3D}.Debug|Any CPU.ActiveCfg = Debug|Any CPU
		{513CB158-3CC9-4FCD-9E0D-DF7F7F893D3D}.Debug|Any CPU.Build.0 = Debug|Any CPU
		{513CB158-3CC9-4FCD-9E0D-DF7F7F893D3D}.Release|Any CPU.ActiveCfg = Release|Any CPU
		{513CB158-3CC9-4FCD-9E0D-DF7F7F893D3D}.Release|Any CPU.Build.0 = Release|Any CPU
		{7BE65F94-EAF2-40CA-9FBB-AC1476078A3E}.Debug|Any CPU.ActiveCfg = Debug|Any CPU
		{7BE65F94-EAF2-40CA-9FBB-AC1476078A3E}.Debug|Any CPU.Build.0 = Debug|Any CPU
		{7BE65F94-EAF2-40CA-9FBB-AC1476078A3E}.Release|Any CPU.ActiveCfg = Release|Any CPU
		{7BE65F94-EAF2-40CA-9FBB-AC1476078A3E}.Release|Any CPU.Build.0 = Release|Any CPU
		{DDCACF73-87C9-48F9-BEBA-768B033854F0}.Debug|Any CPU.ActiveCfg = Debug|Any CPU
		{DDCACF73-87C9-48F9-BEBA-768B033854F0}.Debug|Any CPU.Build.0 = Debug|Any CPU
		{DDCACF73-87C9-48F9-BEBA-768B033854F0}.Release|Any CPU.ActiveCfg = Release|Any CPU
		{DDCACF73-87C9-48F9-BEBA-768B033854F0}.Release|Any CPU.Build.0 = Release|Any CPU
		{6E5D2EE6-1556-43CD-9735-E915B33FF88B}.Debug|Any CPU.ActiveCfg = Debug|Any CPU
		{6E5D2EE6-1556-43CD-9735-E915B33FF88B}.Debug|Any CPU.Build.0 = Debug|Any CPU
		{6E5D2EE6-1556-43CD-9735-E915B33FF88B}.Release|Any CPU.ActiveCfg = Release|Any CPU
		{6E5D2EE6-1556-43CD-9735-E915B33FF88B}.Release|Any CPU.Build.0 = Release|Any CPU
		{C36A0CD6-F40D-44D1-A40F-6D86A26C73D7}.Debug|Any CPU.ActiveCfg = Debug|Any CPU
		{C36A0CD6-F40D-44D1-A40F-6D86A26C73D7}.Debug|Any CPU.Build.0 = Debug|Any CPU
		{C36A0CD6-F40D-44D1-A40F-6D86A26C73D7}.Release|Any CPU.ActiveCfg = Release|Any CPU
		{C36A0CD6-F40D-44D1-A40F-6D86A26C73D7}.Release|Any CPU.Build.0 = Release|Any CPU
		{0C58369B-8D06-41F6-8650-2F7870C9DB3F}.Debug|Any CPU.ActiveCfg = Debug|Any CPU
		{0C58369B-8D06-41F6-8650-2F7870C9DB3F}.Debug|Any CPU.Build.0 = Debug|Any CPU
		{0C58369B-8D06-41F6-8650-2F7870C9DB3F}.Release|Any CPU.ActiveCfg = Release|Any CPU
		{0C58369B-8D06-41F6-8650-2F7870C9DB3F}.Release|Any CPU.Build.0 = Release|Any CPU
		{200B0D20-9216-47F3-AEF7-A70BA282C2A1}.Debug|Any CPU.ActiveCfg = Debug|Any CPU
		{200B0D20-9216-47F3-AEF7-A70BA282C2A1}.Debug|Any CPU.Build.0 = Debug|Any CPU
		{200B0D20-9216-47F3-AEF7-A70BA282C2A1}.Release|Any CPU.ActiveCfg = Release|Any CPU
		{200B0D20-9216-47F3-AEF7-A70BA282C2A1}.Release|Any CPU.Build.0 = Release|Any CPU
		{6275A9E4-A1E2-47B0-86B7-B349BF1880F6}.Debug|Any CPU.ActiveCfg = Debug|Any CPU
		{6275A9E4-A1E2-47B0-86B7-B349BF1880F6}.Debug|Any CPU.Build.0 = Debug|Any CPU
		{6275A9E4-A1E2-47B0-86B7-B349BF1880F6}.Release|Any CPU.ActiveCfg = Release|Any CPU
		{6275A9E4-A1E2-47B0-86B7-B349BF1880F6}.Release|Any CPU.Build.0 = Release|Any CPU
		{B38C984F-D7F5-4F0A-AADA-0F31B70C062A}.Debug|Any CPU.ActiveCfg = Debug|Any CPU
		{B38C984F-D7F5-4F0A-AADA-0F31B70C062A}.Debug|Any CPU.Build.0 = Debug|Any CPU
		{B38C984F-D7F5-4F0A-AADA-0F31B70C062A}.Release|Any CPU.ActiveCfg = Release|Any CPU
		{B38C984F-D7F5-4F0A-AADA-0F31B70C062A}.Release|Any CPU.Build.0 = Release|Any CPU
		{DE4C8CFD-7494-400E-AF45-9993F46A1E93}.Debug|Any CPU.ActiveCfg = Debug|Any CPU
		{DE4C8CFD-7494-400E-AF45-9993F46A1E93}.Debug|Any CPU.Build.0 = Debug|Any CPU
		{DE4C8CFD-7494-400E-AF45-9993F46A1E93}.Release|Any CPU.ActiveCfg = Release|Any CPU
		{DE4C8CFD-7494-400E-AF45-9993F46A1E93}.Release|Any CPU.Build.0 = Release|Any CPU
		{E5D55552-2F6A-4997-A9EB-1FB5AE796204}.Debug|Any CPU.ActiveCfg = Debug|Any CPU
		{E5D55552-2F6A-4997-A9EB-1FB5AE796204}.Debug|Any CPU.Build.0 = Debug|Any CPU
		{E5D55552-2F6A-4997-A9EB-1FB5AE796204}.Release|Any CPU.ActiveCfg = Release|Any CPU
		{E5D55552-2F6A-4997-A9EB-1FB5AE796204}.Release|Any CPU.Build.0 = Release|Any CPU
		{3C24544D-8BDA-49C9-BE01-82C2FC6DF5E4}.Debug|Any CPU.ActiveCfg = Debug|Any CPU
		{3C24544D-8BDA-49C9-BE01-82C2FC6DF5E4}.Debug|Any CPU.Build.0 = Debug|Any CPU
		{3C24544D-8BDA-49C9-BE01-82C2FC6DF5E4}.Release|Any CPU.ActiveCfg = Release|Any CPU
		{3C24544D-8BDA-49C9-BE01-82C2FC6DF5E4}.Release|Any CPU.Build.0 = Release|Any CPU
		{F77F4EDC-D7BA-432F-A139-EA9527424CF0}.Debug|Any CPU.ActiveCfg = Debug|Any CPU
		{F77F4EDC-D7BA-432F-A139-EA9527424CF0}.Debug|Any CPU.Build.0 = Debug|Any CPU
		{F77F4EDC-D7BA-432F-A139-EA9527424CF0}.Release|Any CPU.ActiveCfg = Release|Any CPU
		{F77F4EDC-D7BA-432F-A139-EA9527424CF0}.Release|Any CPU.Build.0 = Release|Any CPU
		{8ED80046-D294-4D5A-ACC4-41065AE97B22}.Debug|Any CPU.ActiveCfg = Debug|Any CPU
		{8ED80046-D294-4D5A-ACC4-41065AE97B22}.Debug|Any CPU.Build.0 = Debug|Any CPU
		{8ED80046-D294-4D5A-ACC4-41065AE97B22}.Release|Any CPU.ActiveCfg = Release|Any CPU
		{8ED80046-D294-4D5A-ACC4-41065AE97B22}.Release|Any CPU.Build.0 = Release|Any CPU
		{CDB5F9A0-06DA-4688-BD7E-D9F6634F54DB}.Debug|Any CPU.ActiveCfg = Debug|Any CPU
		{CDB5F9A0-06DA-4688-BD7E-D9F6634F54DB}.Debug|Any CPU.Build.0 = Debug|Any CPU
		{CDB5F9A0-06DA-4688-BD7E-D9F6634F54DB}.Release|Any CPU.ActiveCfg = Release|Any CPU
		{CDB5F9A0-06DA-4688-BD7E-D9F6634F54DB}.Release|Any CPU.Build.0 = Release|Any CPU
		{9FEC1779-6AE2-406E-9E98-68F5B82211E4}.Debug|Any CPU.ActiveCfg = Debug|Any CPU
		{9FEC1779-6AE2-406E-9E98-68F5B82211E4}.Debug|Any CPU.Build.0 = Debug|Any CPU
		{9FEC1779-6AE2-406E-9E98-68F5B82211E4}.Release|Any CPU.ActiveCfg = Release|Any CPU
		{9FEC1779-6AE2-406E-9E98-68F5B82211E4}.Release|Any CPU.Build.0 = Release|Any CPU
		{83FA1025-763A-48E2-9DA1-233B125A59F5}.Debug|Any CPU.ActiveCfg = Debug|Any CPU
		{83FA1025-763A-48E2-9DA1-233B125A59F5}.Debug|Any CPU.Build.0 = Debug|Any CPU
		{83FA1025-763A-48E2-9DA1-233B125A59F5}.Release|Any CPU.ActiveCfg = Release|Any CPU
		{83FA1025-763A-48E2-9DA1-233B125A59F5}.Release|Any CPU.Build.0 = Release|Any CPU
		{5F189BDB-7B80-4916-B5A2-5E7DBB13F05C}.Debug|Any CPU.ActiveCfg = Debug|Any CPU
		{5F189BDB-7B80-4916-B5A2-5E7DBB13F05C}.Debug|Any CPU.Build.0 = Debug|Any CPU
		{5F189BDB-7B80-4916-B5A2-5E7DBB13F05C}.Release|Any CPU.ActiveCfg = Release|Any CPU
		{5F189BDB-7B80-4916-B5A2-5E7DBB13F05C}.Release|Any CPU.Build.0 = Release|Any CPU
		{D0FEFFE0-53AD-4F7C-9F6B-97288437B745}.Debug|Any CPU.ActiveCfg = Debug|Any CPU
		{D0FEFFE0-53AD-4F7C-9F6B-97288437B745}.Debug|Any CPU.Build.0 = Debug|Any CPU
		{D0FEFFE0-53AD-4F7C-9F6B-97288437B745}.Release|Any CPU.ActiveCfg = Release|Any CPU
		{D0FEFFE0-53AD-4F7C-9F6B-97288437B745}.Release|Any CPU.Build.0 = Release|Any CPU
		{69A4AD68-108B-4197-A862-12A25CDA77FD}.Debug|Any CPU.ActiveCfg = Debug|Any CPU
		{69A4AD68-108B-4197-A862-12A25CDA77FD}.Debug|Any CPU.Build.0 = Debug|Any CPU
		{69A4AD68-108B-4197-A862-12A25CDA77FD}.Release|Any CPU.ActiveCfg = Release|Any CPU
		{69A4AD68-108B-4197-A862-12A25CDA77FD}.Release|Any CPU.Build.0 = Release|Any CPU
		{62F35B3C-22CB-43C6-9590-D289302CEBED}.Debug|Any CPU.ActiveCfg = Debug|Any CPU
		{62F35B3C-22CB-43C6-9590-D289302CEBED}.Debug|Any CPU.Build.0 = Debug|Any CPU
		{62F35B3C-22CB-43C6-9590-D289302CEBED}.Release|Any CPU.ActiveCfg = Release|Any CPU
		{62F35B3C-22CB-43C6-9590-D289302CEBED}.Release|Any CPU.Build.0 = Release|Any CPU
		{AFF0BEB3-C7C9-4007-840F-9545A73F5253}.Debug|Any CPU.ActiveCfg = Debug|Any CPU
		{AFF0BEB3-C7C9-4007-840F-9545A73F5253}.Debug|Any CPU.Build.0 = Debug|Any CPU
		{AFF0BEB3-C7C9-4007-840F-9545A73F5253}.Release|Any CPU.ActiveCfg = Release|Any CPU
		{AFF0BEB3-C7C9-4007-840F-9545A73F5253}.Release|Any CPU.Build.0 = Release|Any CPU
		{E943174C-E014-4588-B5FC-97E74570EC21}.Debug|Any CPU.ActiveCfg = Debug|Any CPU
		{E943174C-E014-4588-B5FC-97E74570EC21}.Debug|Any CPU.Build.0 = Debug|Any CPU
		{E943174C-E014-4588-B5FC-97E74570EC21}.Release|Any CPU.ActiveCfg = Release|Any CPU
		{E943174C-E014-4588-B5FC-97E74570EC21}.Release|Any CPU.Build.0 = Release|Any CPU
	EndGlobalSection
	GlobalSection(SolutionProperties) = preSolution
		HideSolutionNode = FALSE
	EndGlobalSection
	GlobalSection(NestedProjects) = preSolution
		{0FAE5A48-3BBF-4376-A497-7737F3F3EEBD} = {3C576A3E-88A2-4842-B9C0-3ED9786FDDC0}
		{A1D6BD2E-01CD-426E-9302-C8E44B6BDC4A} = {3C576A3E-88A2-4842-B9C0-3ED9786FDDC0}
		{416743B2-7B5E-48B1-966B-99D0C2446226} = {3C576A3E-88A2-4842-B9C0-3ED9786FDDC0}
		{AA2D5A6C-8204-45C5-91C6-6691EAD5F3BF} = {19B34C9D-52C2-4CC7-81EE-B34107F02507}
		{6FE6F93D-0C8A-4938-B1DE-03AA690D17DB} = {19B34C9D-52C2-4CC7-81EE-B34107F02507}
		{8D62CC4B-3D47-485C-AB8A-8F9CCB1D35A0} = {19B34C9D-52C2-4CC7-81EE-B34107F02507}
		{A013087B-C555-4273-931C-5A0EA80E0FB7} = {7A37ADB5-3181-4687-A13F-751F3404D828}
		{CD434DD9-5C9D-46A9-91B0-B74FA5BEEA3E} = {7A37ADB5-3181-4687-A13F-751F3404D828}
		{EDBEEACC-A0BB-46D6-896E-09BB6300999D} = {7A37ADB5-3181-4687-A13F-751F3404D828}
		{23121734-8645-4A6C-82DE-8B26AB2012BE} = {7A37ADB5-3181-4687-A13F-751F3404D828}
		{0697DB81-0F03-4FA1-B0D2-24E6287DE1EF} = {7A37ADB5-3181-4687-A13F-751F3404D828}
		{EF8A37B5-4323-4E26-B3C1-1821E771E19D} = {7A37ADB5-3181-4687-A13F-751F3404D828}
		{44DA93D5-174E-42AF-A6AF-9530168D038D} = {7A37ADB5-3181-4687-A13F-751F3404D828}
		{D1AC526F-032B-4036-B626-C887BFEA6945} = {7A37ADB5-3181-4687-A13F-751F3404D828}
		{966E7EC7-699C-4111-A89F-D92B938F9E1C} = {7A37ADB5-3181-4687-A13F-751F3404D828}
		{DCFEB7B1-90CA-4077-B867-24E5E8BCF3B3} = {7A37ADB5-3181-4687-A13F-751F3404D828}
		{3F7BCABC-C5C1-4DA6-A0E6-3E5A45D2569C} = {44CBF28C-A6E5-4F05-9245-16519FC1E2F1}
		{AA48543A-1ACF-45D6-B2DD-B77B03481B08} = {44CBF28C-A6E5-4F05-9245-16519FC1E2F1}
		{51D36813-2F57-4157-8721-9E98BBBAB41A} = {48C969D5-B1FA-4BA7-9D79-444CF50A2E73}
		{95517804-920A-4F6F-952B-DA6B09CFCF72} = {48C969D5-B1FA-4BA7-9D79-444CF50A2E73}
		{A9F8252B-0F42-467B-8F75-B3F29C1ADE69} = {5FA764BB-47A6-40D2-9655-C8FA88EE32D0}
		{D340C0AC-AF4A-4046-9011-84262B167587} = {5FA764BB-47A6-40D2-9655-C8FA88EE32D0}
		{45AA4DAB-4DB3-4507-B056-B861C95C0C53} = {F6E6784F-D781-405B-BD2E-0DBD93066B15}
		{2A07C5C3-400C-465F-9A77-0D799FFCCE8A} = {45AA4DAB-4DB3-4507-B056-B861C95C0C53}
		{513CB158-3CC9-4FCD-9E0D-DF7F7F893D3D} = {45AA4DAB-4DB3-4507-B056-B861C95C0C53}
		{7BE65F94-EAF2-40CA-9FBB-AC1476078A3E} = {45AA4DAB-4DB3-4507-B056-B861C95C0C53}
		{7947D82D-4DB0-4833-AFA9-19733B5D35BE} = {F6E6784F-D781-405B-BD2E-0DBD93066B15}
		{DDCACF73-87C9-48F9-BEBA-768B033854F0} = {7947D82D-4DB0-4833-AFA9-19733B5D35BE}
		{6E5D2EE6-1556-43CD-9735-E915B33FF88B} = {7947D82D-4DB0-4833-AFA9-19733B5D35BE}
		{C36A0CD6-F40D-44D1-A40F-6D86A26C73D7} = {7947D82D-4DB0-4833-AFA9-19733B5D35BE}
		{0C58369B-8D06-41F6-8650-2F7870C9DB3F} = {7947D82D-4DB0-4833-AFA9-19733B5D35BE}
		{3021EBD8-AD6C-4EC5-A289-4A7A4B3E2E0A} = {F6E6784F-D781-405B-BD2E-0DBD93066B15}
		{200B0D20-9216-47F3-AEF7-A70BA282C2A1} = {3021EBD8-AD6C-4EC5-A289-4A7A4B3E2E0A}
		{6275A9E4-A1E2-47B0-86B7-B349BF1880F6} = {3021EBD8-AD6C-4EC5-A289-4A7A4B3E2E0A}
		{B38C984F-D7F5-4F0A-AADA-0F31B70C062A} = {3021EBD8-AD6C-4EC5-A289-4A7A4B3E2E0A}
		{DE4C8CFD-7494-400E-AF45-9993F46A1E93} = {3021EBD8-AD6C-4EC5-A289-4A7A4B3E2E0A}
		{E5D55552-2F6A-4997-A9EB-1FB5AE796204} = {3021EBD8-AD6C-4EC5-A289-4A7A4B3E2E0A}
		{3C24544D-8BDA-49C9-BE01-82C2FC6DF5E4} = {3021EBD8-AD6C-4EC5-A289-4A7A4B3E2E0A}
		{F77F4EDC-D7BA-432F-A139-EA9527424CF0} = {3021EBD8-AD6C-4EC5-A289-4A7A4B3E2E0A}
		{8ED80046-D294-4D5A-ACC4-41065AE97B22} = {3021EBD8-AD6C-4EC5-A289-4A7A4B3E2E0A}
		{CDB5F9A0-06DA-4688-BD7E-D9F6634F54DB} = {3021EBD8-AD6C-4EC5-A289-4A7A4B3E2E0A}
		{9FEC1779-6AE2-406E-9E98-68F5B82211E4} = {3021EBD8-AD6C-4EC5-A289-4A7A4B3E2E0A}
		{1A07448D-0FFC-4919-AB7E-CD0F66071C86} = {F6E6784F-D781-405B-BD2E-0DBD93066B15}
		{83FA1025-763A-48E2-9DA1-233B125A59F5} = {1A07448D-0FFC-4919-AB7E-CD0F66071C86}
		{5F189BDB-7B80-4916-B5A2-5E7DBB13F05C} = {1A07448D-0FFC-4919-AB7E-CD0F66071C86}
		{974D85A3-E20C-4E45-8C7E-AEDE4847B90F} = {F6E6784F-D781-405B-BD2E-0DBD93066B15}
		{D0FEFFE0-53AD-4F7C-9F6B-97288437B745} = {974D85A3-E20C-4E45-8C7E-AEDE4847B90F}
		{69A4AD68-108B-4197-A862-12A25CDA77FD} = {974D85A3-E20C-4E45-8C7E-AEDE4847B90F}
		{F5E2E1F0-318E-4ADB-B4A8-1D38338465E0} = {F6E6784F-D781-405B-BD2E-0DBD93066B15}
		{62F35B3C-22CB-43C6-9590-D289302CEBED} = {F5E2E1F0-318E-4ADB-B4A8-1D38338465E0}
		{AFF0BEB3-C7C9-4007-840F-9545A73F5253} = {F5E2E1F0-318E-4ADB-B4A8-1D38338465E0}
		{A6F0895D-D771-4340-9C0C-726EBC435692} = {19B34C9D-52C2-4CC7-81EE-B34107F02507}
		{E943174C-E014-4588-B5FC-97E74570EC21} = {A6F0895D-D771-4340-9C0C-726EBC435692}
	EndGlobalSection
	GlobalSection(ExtensibilityGlobals) = postSolution
		SolutionGuid = {84C3000A-B18D-497E-9BAF-8F2A43568DBD}
	EndGlobalSection
EndGlobal
